// !$*UTF8*$!
{
	archiveVersion = 1;
	classes = {
	};
	objectVersion = 50;
	objects = {

/* Begin PBXBuildFile section */
		60E3620324073EF70050CD86 /* AppDelegate.swift in Sources */ = {isa = PBXBuildFile; fileRef = 60E3620224073EF70050CD86 /* AppDelegate.swift */; };
		60E3620524073EF70050CD86 /* SceneDelegate.swift in Sources */ = {isa = PBXBuildFile; fileRef = 60E3620424073EF70050CD86 /* SceneDelegate.swift */; };
		60E3620724073EF70050CD86 /* ViewController.swift in Sources */ = {isa = PBXBuildFile; fileRef = 60E3620624073EF70050CD86 /* ViewController.swift */; };
		60E3620A24073EF70050CD86 /* Main.storyboard in Resources */ = {isa = PBXBuildFile; fileRef = 60E3620824073EF70050CD86 /* Main.storyboard */; };
		60E3620C24073EFB0050CD86 /* Assets.xcassets in Resources */ = {isa = PBXBuildFile; fileRef = 60E3620B24073EFB0050CD86 /* Assets.xcassets */; };
		60E3620F24073EFB0050CD86 /* LaunchScreen.storyboard in Resources */ = {isa = PBXBuildFile; fileRef = 60E3620D24073EFB0050CD86 /* LaunchScreen.storyboard */; };
		60E3621A24073EFB0050CD86 /* Profio_Homework_3Tests.swift in Sources */ = {isa = PBXBuildFile; fileRef = 60E3621924073EFB0050CD86 /* Profio_Homework_3Tests.swift */; };
		60E3622524073EFB0050CD86 /* Profio_Homework_3UITests.swift in Sources */ = {isa = PBXBuildFile; fileRef = 60E3622424073EFB0050CD86 /* Profio_Homework_3UITests.swift */; };
/* End PBXBuildFile section */

/* Begin PBXContainerItemProxy section */
		60E3621624073EFB0050CD86 /* PBXContainerItemProxy */ = {
			isa = PBXContainerItemProxy;
			containerPortal = 60E361F724073EF70050CD86 /* Project object */;
			proxyType = 1;
			remoteGlobalIDString = 60E361FE24073EF70050CD86;
			remoteInfo = "Profio Homework 3";
		};
		60E3622124073EFB0050CD86 /* PBXContainerItemProxy */ = {
			isa = PBXContainerItemProxy;
			containerPortal = 60E361F724073EF70050CD86 /* Project object */;
			proxyType = 1;
			remoteGlobalIDString = 60E361FE24073EF70050CD86;
			remoteInfo = "Profio Homework 3";
		};
/* End PBXContainerItemProxy section */

/* Begin PBXFileReference section */
		60E361FF24073EF70050CD86 /* Profio Homework 3.app */ = {isa = PBXFileReference; explicitFileType = wrapper.application; includeInIndex = 0; path = "Profio Homework 3.app"; sourceTree = BUILT_PRODUCTS_DIR; };
		60E3620224073EF70050CD86 /* AppDelegate.swift */ = {isa = PBXFileReference; lastKnownFileType = sourcecode.swift; path = AppDelegate.swift; sourceTree = "<group>"; };
		60E3620424073EF70050CD86 /* SceneDelegate.swift */ = {isa = PBXFileReference; lastKnownFileType = sourcecode.swift; path = SceneDelegate.swift; sourceTree = "<group>"; };
		60E3620624073EF70050CD86 /* ViewController.swift */ = {isa = PBXFileReference; lastKnownFileType = sourcecode.swift; path = ViewController.swift; sourceTree = "<group>"; };
		60E3620924073EF70050CD86 /* Base */ = {isa = PBXFileReference; lastKnownFileType = file.storyboard; name = Base; path = Base.lproj/Main.storyboard; sourceTree = "<group>"; };
		60E3620B24073EFB0050CD86 /* Assets.xcassets */ = {isa = PBXFileReference; lastKnownFileType = folder.assetcatalog; path = Assets.xcassets; sourceTree = "<group>"; };
		60E3620E24073EFB0050CD86 /* Base */ = {isa = PBXFileReference; lastKnownFileType = file.storyboard; name = Base; path = Base.lproj/LaunchScreen.storyboard; sourceTree = "<group>"; };
		60E3621024073EFB0050CD86 /* Info.plist */ = {isa = PBXFileReference; lastKnownFileType = text.plist.xml; path = Info.plist; sourceTree = "<group>"; };
		60E3621524073EFB0050CD86 /* Profio Homework 3Tests.xctest */ = {isa = PBXFileReference; explicitFileType = wrapper.cfbundle; includeInIndex = 0; path = "Profio Homework 3Tests.xctest"; sourceTree = BUILT_PRODUCTS_DIR; };
		60E3621924073EFB0050CD86 /* Profio_Homework_3Tests.swift */ = {isa = PBXFileReference; lastKnownFileType = sourcecode.swift; path = Profio_Homework_3Tests.swift; sourceTree = "<group>"; };
		60E3621B24073EFB0050CD86 /* Info.plist */ = {isa = PBXFileReference; lastKnownFileType = text.plist.xml; path = Info.plist; sourceTree = "<group>"; };
		60E3622024073EFB0050CD86 /* Profio Homework 3UITests.xctest */ = {isa = PBXFileReference; explicitFileType = wrapper.cfbundle; includeInIndex = 0; path = "Profio Homework 3UITests.xctest"; sourceTree = BUILT_PRODUCTS_DIR; };
		60E3622424073EFB0050CD86 /* Profio_Homework_3UITests.swift */ = {isa = PBXFileReference; lastKnownFileType = sourcecode.swift; path = Profio_Homework_3UITests.swift; sourceTree = "<group>"; };
		60E3622624073EFB0050CD86 /* Info.plist */ = {isa = PBXFileReference; lastKnownFileType = text.plist.xml; path = Info.plist; sourceTree = "<group>"; };
/* End PBXFileReference section */

/* Begin PBXFrameworksBuildPhase section */
		60E361FC24073EF70050CD86 /* Frameworks */ = {
			isa = PBXFrameworksBuildPhase;
			buildActionMask = 2147483647;
			files = (
			);
			runOnlyForDeploymentPostprocessing = 0;
		};
		60E3621224073EFB0050CD86 /* Frameworks */ = {
			isa = PBXFrameworksBuildPhase;
			buildActionMask = 2147483647;
			files = (
			);
			runOnlyForDeploymentPostprocessing = 0;
		};
		60E3621D24073EFB0050CD86 /* Frameworks */ = {
			isa = PBXFrameworksBuildPhase;
			buildActionMask = 2147483647;
			files = (
			);
			runOnlyForDeploymentPostprocessing = 0;
		};
/* End PBXFrameworksBuildPhase section */

/* Begin PBXGroup section */
		60E361F624073EF70050CD86 = {
			isa = PBXGroup;
			children = (
				60E3620124073EF70050CD86 /* Profio Homework 3 */,
				60E3621824073EFB0050CD86 /* Profio Homework 3Tests */,
				60E3622324073EFB0050CD86 /* Profio Homework 3UITests */,
				60E3620024073EF70050CD86 /* Products */,
			);
			sourceTree = "<group>";
		};
		60E3620024073EF70050CD86 /* Products */ = {
			isa = PBXGroup;
			children = (
				60E361FF24073EF70050CD86 /* Profio Homework 3.app */,
				60E3621524073EFB0050CD86 /* Profio Homework 3Tests.xctest */,
				60E3622024073EFB0050CD86 /* Profio Homework 3UITests.xctest */,
			);
			name = Products;
			sourceTree = "<group>";
		};
		60E3620124073EF70050CD86 /* Profio Homework 3 */ = {
			isa = PBXGroup;
			children = (
				60E3620224073EF70050CD86 /* AppDelegate.swift */,
				60E3620424073EF70050CD86 /* SceneDelegate.swift */,
				60E3620624073EF70050CD86 /* ViewController.swift */,
				60E3620824073EF70050CD86 /* Main.storyboard */,
				60E3620B24073EFB0050CD86 /* Assets.xcassets */,
				60E3620D24073EFB0050CD86 /* LaunchScreen.storyboard */,
				60E3621024073EFB0050CD86 /* Info.plist */,
			);
			path = "Profio Homework 3";
			sourceTree = "<group>";
		};
		60E3621824073EFB0050CD86 /* Profio Homework 3Tests */ = {
			isa = PBXGroup;
			children = (
				60E3621924073EFB0050CD86 /* Profio_Homework_3Tests.swift */,
				60E3621B24073EFB0050CD86 /* Info.plist */,
			);
			path = "Profio Homework 3Tests";
			sourceTree = "<group>";
		};
		60E3622324073EFB0050CD86 /* Profio Homework 3UITests */ = {
			isa = PBXGroup;
			children = (
				60E3622424073EFB0050CD86 /* Profio_Homework_3UITests.swift */,
				60E3622624073EFB0050CD86 /* Info.plist */,
			);
			path = "Profio Homework 3UITests";
			sourceTree = "<group>";
		};
/* End PBXGroup section */

/* Begin PBXNativeTarget section */
		60E361FE24073EF70050CD86 /* Profio Homework 3 */ = {
			isa = PBXNativeTarget;
			buildConfigurationList = 60E3622924073EFB0050CD86 /* Build configuration list for PBXNativeTarget "Profio Homework 3" */;
			buildPhases = (
				60E361FB24073EF70050CD86 /* Sources */,
				60E361FC24073EF70050CD86 /* Frameworks */,
				60E361FD24073EF70050CD86 /* Resources */,
			);
			buildRules = (
			);
			dependencies = (
			);
			name = "Profio Homework 3";
			productName = "Profio Homework 3";
			productReference = 60E361FF24073EF70050CD86 /* Profio Homework 3.app */;
			productType = "com.apple.product-type.application";
		};
		60E3621424073EFB0050CD86 /* Profio Homework 3Tests */ = {
			isa = PBXNativeTarget;
			buildConfigurationList = 60E3622C24073EFB0050CD86 /* Build configuration list for PBXNativeTarget "Profio Homework 3Tests" */;
			buildPhases = (
				60E3621124073EFB0050CD86 /* Sources */,
				60E3621224073EFB0050CD86 /* Frameworks */,
				60E3621324073EFB0050CD86 /* Resources */,
			);
			buildRules = (
			);
			dependencies = (
				60E3621724073EFB0050CD86 /* PBXTargetDependency */,
			);
			name = "Profio Homework 3Tests";
			productName = "Profio Homework 3Tests";
			productReference = 60E3621524073EFB0050CD86 /* Profio Homework 3Tests.xctest */;
			productType = "com.apple.product-type.bundle.unit-test";
		};
		60E3621F24073EFB0050CD86 /* Profio Homework 3UITests */ = {
			isa = PBXNativeTarget;
			buildConfigurationList = 60E3622F24073EFB0050CD86 /* Build configuration list for PBXNativeTarget "Profio Homework 3UITests" */;
			buildPhases = (
				60E3621C24073EFB0050CD86 /* Sources */,
				60E3621D24073EFB0050CD86 /* Frameworks */,
				60E3621E24073EFB0050CD86 /* Resources */,
			);
			buildRules = (
			);
			dependencies = (
				60E3622224073EFB0050CD86 /* PBXTargetDependency */,
			);
			name = "Profio Homework 3UITests";
			productName = "Profio Homework 3UITests";
			productReference = 60E3622024073EFB0050CD86 /* Profio Homework 3UITests.xctest */;
			productType = "com.apple.product-type.bundle.ui-testing";
		};
/* End PBXNativeTarget section */

/* Begin PBXProject section */
		60E361F724073EF70050CD86 /* Project object */ = {
			isa = PBXProject;
			attributes = {
				LastSwiftUpdateCheck = 1130;
				LastUpgradeCheck = 1130;
				ORGANIZATIONNAME = "Blake Profio";
				TargetAttributes = {
					60E361FE24073EF70050CD86 = {
						CreatedOnToolsVersion = 11.3.1;
					};
					60E3621424073EFB0050CD86 = {
						CreatedOnToolsVersion = 11.3.1;
						TestTargetID = 60E361FE24073EF70050CD86;
					};
					60E3621F24073EFB0050CD86 = {
						CreatedOnToolsVersion = 11.3.1;
						TestTargetID = 60E361FE24073EF70050CD86;
					};
				};
			};
			buildConfigurationList = 60E361FA24073EF70050CD86 /* Build configuration list for PBXProject "Profio Homework 3" */;
			compatibilityVersion = "Xcode 9.3";
			developmentRegion = en;
			hasScannedForEncodings = 0;
			knownRegions = (
				en,
				Base,
			);
			mainGroup = 60E361F624073EF70050CD86;
			productRefGroup = 60E3620024073EF70050CD86 /* Products */;
			projectDirPath = "";
			projectRoot = "";
			targets = (
				60E361FE24073EF70050CD86 /* Profio Homework 3 */,
				60E3621424073EFB0050CD86 /* Profio Homework 3Tests */,
				60E3621F24073EFB0050CD86 /* Profio Homework 3UITests */,
			);
		};
/* End PBXProject section */

/* Begin PBXResourcesBuildPhase section */
		60E361FD24073EF70050CD86 /* Resources */ = {
			isa = PBXResourcesBuildPhase;
			buildActionMask = 2147483647;
			files = (
				60E3620F24073EFB0050CD86 /* LaunchScreen.storyboard in Resources */,
				60E3620C24073EFB0050CD86 /* Assets.xcassets in Resources */,
				60E3620A24073EF70050CD86 /* Main.storyboard in Resources */,
			);
			runOnlyForDeploymentPostprocessing = 0;
		};
		60E3621324073EFB0050CD86 /* Resources */ = {
			isa = PBXResourcesBuildPhase;
			buildActionMask = 2147483647;
			files = (
			);
			runOnlyForDeploymentPostprocessing = 0;
		};
		60E3621E24073EFB0050CD86 /* Resources */ = {
			isa = PBXResourcesBuildPhase;
			buildActionMask = 2147483647;
			files = (
			);
			runOnlyForDeploymentPostprocessing = 0;
		};
/* End PBXResourcesBuildPhase section */

/* Begin PBXSourcesBuildPhase section */
		60E361FB24073EF70050CD86 /* Sources */ = {
			isa = PBXSourcesBuildPhase;
			buildActionMask = 2147483647;
			files = (
				60E3620724073EF70050CD86 /* ViewController.swift in Sources */,
				60E3620324073EF70050CD86 /* AppDelegate.swift in Sources */,
				60E3620524073EF70050CD86 /* SceneDelegate.swift in Sources */,
			);
			runOnlyForDeploymentPostprocessing = 0;
		};
		60E3621124073EFB0050CD86 /* Sources */ = {
			isa = PBXSourcesBuildPhase;
			buildActionMask = 2147483647;
			files = (
				60E3621A24073EFB0050CD86 /* Profio_Homework_3Tests.swift in Sources */,
			);
			runOnlyForDeploymentPostprocessing = 0;
		};
		60E3621C24073EFB0050CD86 /* Sources */ = {
			isa = PBXSourcesBuildPhase;
			buildActionMask = 2147483647;
			files = (
				60E3622524073EFB0050CD86 /* Profio_Homework_3UITests.swift in Sources */,
			);
			runOnlyForDeploymentPostprocessing = 0;
		};
/* End PBXSourcesBuildPhase section */

/* Begin PBXTargetDependency section */
		60E3621724073EFB0050CD86 /* PBXTargetDependency */ = {
			isa = PBXTargetDependency;
			target = 60E361FE24073EF70050CD86 /* Profio Homework 3 */;
			targetProxy = 60E3621624073EFB0050CD86 /* PBXContainerItemProxy */;
		};
		60E3622224073EFB0050CD86 /* PBXTargetDependency */ = {
			isa = PBXTargetDependency;
			target = 60E361FE24073EF70050CD86 /* Profio Homework 3 */;
			targetProxy = 60E3622124073EFB0050CD86 /* PBXContainerItemProxy */;
		};
/* End PBXTargetDependency section */

/* Begin PBXVariantGroup section */
		60E3620824073EF70050CD86 /* Main.storyboard */ = {
			isa = PBXVariantGroup;
			children = (
				60E3620924073EF70050CD86 /* Base */,
			);
			name = Main.storyboard;
			sourceTree = "<group>";
		};
		60E3620D24073EFB0050CD86 /* LaunchScreen.storyboard */ = {
			isa = PBXVariantGroup;
			children = (
				60E3620E24073EFB0050CD86 /* Base */,
			);
			name = LaunchScreen.storyboard;
			sourceTree = "<group>";
		};
/* End PBXVariantGroup section */

/* Begin XCBuildConfiguration section */
		60E3622724073EFB0050CD86 /* Debug */ = {
			isa = XCBuildConfiguration;
			buildSettings = {
				ALWAYS_SEARCH_USER_PATHS = NO;
				CLANG_ANALYZER_NONNULL = YES;
				CLANG_ANALYZER_NUMBER_OBJECT_CONVERSION = YES_AGGRESSIVE;
				CLANG_CXX_LANGUAGE_STANDARD = "gnu++14";
				CLANG_CXX_LIBRARY = "libc++";
				CLANG_ENABLE_MODULES = YES;
				CLANG_ENABLE_OBJC_ARC = YES;
				CLANG_ENABLE_OBJC_WEAK = YES;
				CLANG_WARN_BLOCK_CAPTURE_AUTORELEASING = YES;
				CLANG_WARN_BOOL_CONVERSION = YES;
				CLANG_WARN_COMMA = YES;
				CLANG_WARN_CONSTANT_CONVERSION = YES;
				CLANG_WARN_DEPRECATED_OBJC_IMPLEMENTATIONS = YES;
				CLANG_WARN_DIRECT_OBJC_ISA_USAGE = YES_ERROR;
				CLANG_WARN_DOCUMENTATION_COMMENTS = YES;
				CLANG_WARN_EMPTY_BODY = YES;
				CLANG_WARN_ENUM_CONVERSION = YES;
				CLANG_WARN_INFINITE_RECURSION = YES;
				CLANG_WARN_INT_CONVERSION = YES;
				CLANG_WARN_NON_LITERAL_NULL_CONVERSION = YES;
				CLANG_WARN_OBJC_IMPLICIT_RETAIN_SELF = YES;
				CLANG_WARN_OBJC_LITERAL_CONVERSION = YES;
				CLANG_WARN_OBJC_ROOT_CLASS = YES_ERROR;
				CLANG_WARN_RANGE_LOOP_ANALYSIS = YES;
				CLANG_WARN_STRICT_PROTOTYPES = YES;
				CLANG_WARN_SUSPICIOUS_MOVE = YES;
				CLANG_WARN_UNGUARDED_AVAILABILITY = YES_AGGRESSIVE;
				CLANG_WARN_UNREACHABLE_CODE = YES;
				CLANG_WARN__DUPLICATE_METHOD_MATCH = YES;
				COPY_PHASE_STRIP = NO;
				DEBUG_INFORMATION_FORMAT = dwarf;
				ENABLE_STRICT_OBJC_MSGSEND = YES;
				ENABLE_TESTABILITY = YES;
				GCC_C_LANGUAGE_STANDARD = gnu11;
				GCC_DYNAMIC_NO_PIC = NO;
				GCC_NO_COMMON_BLOCKS = YES;
				GCC_OPTIMIZATION_LEVEL = 0;
				GCC_PREPROCESSOR_DEFINITIONS = (
					"DEBUG=1",
					"$(inherited)",
				);
				GCC_WARN_64_TO_32_BIT_CONVERSION = YES;
				GCC_WARN_ABOUT_RETURN_TYPE = YES_ERROR;
				GCC_WARN_UNDECLARED_SELECTOR = YES;
				GCC_WARN_UNINITIALIZED_AUTOS = YES_AGGRESSIVE;
				GCC_WARN_UNUSED_FUNCTION = YES;
				GCC_WARN_UNUSED_VARIABLE = YES;
				IPHONEOS_DEPLOYMENT_TARGET = 13.2;
				MTL_ENABLE_DEBUG_INFO = INCLUDE_SOURCE;
				MTL_FAST_MATH = YES;
				ONLY_ACTIVE_ARCH = YES;
				SDKROOT = iphoneos;
				SWIFT_ACTIVE_COMPILATION_CONDITIONS = DEBUG;
				SWIFT_OPTIMIZATION_LEVEL = "-Onone";
			};
			name = Debug;
		};
		60E3622824073EFB0050CD86 /* Release */ = {
			isa = XCBuildConfiguration;
			buildSettings = {
				ALWAYS_SEARCH_USER_PATHS = NO;
				CLANG_ANALYZER_NONNULL = YES;
				CLANG_ANALYZER_NUMBER_OBJECT_CONVERSION = YES_AGGRESSIVE;
				CLANG_CXX_LANGUAGE_STANDARD = "gnu++14";
				CLANG_CXX_LIBRARY = "libc++";
				CLANG_ENABLE_MODULES = YES;
				CLANG_ENABLE_OBJC_ARC = YES;
				CLANG_ENABLE_OBJC_WEAK = YES;
				CLANG_WARN_BLOCK_CAPTURE_AUTORELEASING = YES;
				CLANG_WARN_BOOL_CONVERSION = YES;
				CLANG_WARN_COMMA = YES;
				CLANG_WARN_CONSTANT_CONVERSION = YES;
				CLANG_WARN_DEPRECATED_OBJC_IMPLEMENTATIONS = YES;
				CLANG_WARN_DIRECT_OBJC_ISA_USAGE = YES_ERROR;
				CLANG_WARN_DOCUMENTATION_COMMENTS = YES;
				CLANG_WARN_EMPTY_BODY = YES;
				CLANG_WARN_ENUM_CONVERSION = YES;
				CLANG_WARN_INFINITE_RECURSION = YES;
				CLANG_WARN_INT_CONVERSION = YES;
				CLANG_WARN_NON_LITERAL_NULL_CONVERSION = YES;
				CLANG_WARN_OBJC_IMPLICIT_RETAIN_SELF = YES;
				CLANG_WARN_OBJC_LITERAL_CONVERSION = YES;
				CLANG_WARN_OBJC_ROOT_CLASS = YES_ERROR;
				CLANG_WARN_RANGE_LOOP_ANALYSIS = YES;
				CLANG_WARN_STRICT_PROTOTYPES = YES;
				CLANG_WARN_SUSPICIOUS_MOVE = YES;
				CLANG_WARN_UNGUARDED_AVAILABILITY = YES_AGGRESSIVE;
				CLANG_WARN_UNREACHABLE_CODE = YES;
				CLANG_WARN__DUPLICATE_METHOD_MATCH = YES;
				COPY_PHASE_STRIP = NO;
				DEBUG_INFORMATION_FORMAT = "dwarf-with-dsym";
				ENABLE_NS_ASSERTIONS = NO;
				ENABLE_STRICT_OBJC_MSGSEND = YES;
				GCC_C_LANGUAGE_STANDARD = gnu11;
				GCC_NO_COMMON_BLOCKS = YES;
				GCC_WARN_64_TO_32_BIT_CONVERSION = YES;
				GCC_WARN_ABOUT_RETURN_TYPE = YES_ERROR;
				GCC_WARN_UNDECLARED_SELECTOR = YES;
				GCC_WARN_UNINITIALIZED_AUTOS = YES_AGGRESSIVE;
				GCC_WARN_UNUSED_FUNCTION = YES;
				GCC_WARN_UNUSED_VARIABLE = YES;
				IPHONEOS_DEPLOYMENT_TARGET = 13.2;
				MTL_ENABLE_DEBUG_INFO = NO;
				MTL_FAST_MATH = YES;
				SDKROOT = iphoneos;
				SWIFT_COMPILATION_MODE = wholemodule;
				SWIFT_OPTIMIZATION_LEVEL = "-O";
				VALIDATE_PRODUCT = YES;
			};
			name = Release;
		};
		60E3622A24073EFB0050CD86 /* Debug */ = {
			isa = XCBuildConfiguration;
			buildSettings = {
				ASSETCATALOG_COMPILER_APPICON_NAME = AppIcon;
				CODE_SIGN_STYLE = Automatic;
				INFOPLIST_FILE = "Profio Homework 3/Info.plist";
				LD_RUNPATH_SEARCH_PATHS = (
					"$(inherited)",
					"@executable_path/Frameworks",
				);
				PRODUCT_BUNDLE_IDENTIFIER = "Profio-In-Class-Alerts.Profio-Homework-3";
				PRODUCT_NAME = "$(TARGET_NAME)";
				SWIFT_VERSION = 5.0;
				TARGETED_DEVICE_FAMILY = "1,2";
			};
			name = Debug;
		};
		60E3622B24073EFB0050CD86 /* Release */ = {
			isa = XCBuildConfiguration;
			buildSettings = {
				ASSETCATALOG_COMPILER_APPICON_NAME = AppIcon;
				CODE_SIGN_STYLE = Automatic;
				INFOPLIST_FILE = "Profio Homework 3/Info.plist";
				LD_RUNPATH_SEARCH_PATHS = (
					"$(inherited)",
					"@executable_path/Frameworks",
				);
				PRODUCT_BUNDLE_IDENTIFIER = "Profio-In-Class-Alerts.Profio-Homework-3";
				PRODUCT_NAME = "$(TARGET_NAME)";
				SWIFT_VERSION = 5.0;
				TARGETED_DEVICE_FAMILY = "1,2";
			};
			name = Release;
		};
		60E3622D24073EFB0050CD86 /* Debug */ = {
			isa = XCBuildConfiguration;
			buildSettings = {
				ALWAYS_EMBED_SWIFT_STANDARD_LIBRARIES = YES;
				BUNDLE_LOADER = "$(TEST_HOST)";
				CODE_SIGN_STYLE = Automatic;
				INFOPLIST_FILE = "Profio Homework 3Tests/Info.plist";
				IPHONEOS_DEPLOYMENT_TARGET = 13.2;
				LD_RUNPATH_SEARCH_PATHS = (
					"$(inherited)",
					"@executable_path/Frameworks",
					"@loader_path/Frameworks",
				);
				PRODUCT_BUNDLE_IDENTIFIER = "Profio-In-Class-Alerts.Profio-Homework-3Tests";
				PRODUCT_NAME = "$(TARGET_NAME)";
				SWIFT_VERSION = 5.0;
				TARGETED_DEVICE_FAMILY = "1,2";
				TEST_HOST = "$(BUILT_PRODUCTS_DIR)/Profio Homework 3.app/Profio Homework 3";
			};
			name = Debug;
		};
		60E3622E24073EFB0050CD86 /* Release */ = {
			isa = XCBuildConfiguration;
			buildSettings = {
				ALWAYS_EMBED_SWIFT_STANDARD_LIBRARIES = YES;
				BUNDLE_LOADER = "$(TEST_HOST)";
				CODE_SIGN_STYLE = Automatic;
				INFOPLIST_FILE = "Profio Homework 3Tests/Info.plist";
				IPHONEOS_DEPLOYMENT_TARGET = 13.2;
				LD_RUNPATH_SEARCH_PATHS = (
					"$(inherited)",
					"@executable_path/Frameworks",
					"@loader_path/Frameworks",
				);
				PRODUCT_BUNDLE_IDENTIFIER = "Profio-In-Class-Alerts.Profio-Homework-3Tests";
				PRODUCT_NAME = "$(TARGET_NAME)";
				SWIFT_VERSION = 5.0;
				TARGETED_DEVICE_FAMILY = "1,2";
				TEST_HOST = "$(BUILT_PRODUCTS_DIR)/Profio Homework 3.app/Profio Homework 3";
			};
			name = Release;
		};
		60E3623024073EFB0050CD86 /* Debug */ = {
			isa = XCBuildConfiguration;
			buildSettings = {
				ALWAYS_EMBED_SWIFT_STANDARD_LIBRARIES = YES;
				CODE_SIGN_STYLE = Automatic;
				INFOPLIST_FILE = "Profio Homework 3UITests/Info.plist";
				LD_RUNPATH_SEARCH_PATHS = (
					"$(inherited)",
					"@executable_path/Frameworks",
					"@loader_path/Frameworks",
				);
				PRODUCT_BUNDLE_IDENTIFIER = "Profio-In-Class-Alerts.Profio-Homework-3UITests";
				PRODUCT_NAME = "$(TARGET_NAME)";
				SWIFT_VERSION = 5.0;
				TARGETED_DEVICE_FAMILY = "1,2";
				TEST_TARGET_NAME = "Profio Homework 3";
			};
			name = Debug;
		};
		60E3623124073EFB0050CD86 /* Release */ = {
			isa = XCBuildConfiguration;
			buildSettings = {
				ALWAYS_EMBED_SWIFT_STANDARD_LIBRARIES = YES;
				CODE_SIGN_STYLE = Automatic;
				INFOPLIST_FILE = "Profio Homework 3UITests/Info.plist";
				LD_RUNPATH_SEARCH_PATHS = (
					"$(inherited)",
					"@executable_path/Frameworks",
					"@loader_path/Frameworks",
				);
				PRODUCT_BUNDLE_IDENTIFIER = "Profio-In-Class-Alerts.Profio-Homework-3UITests";
				PRODUCT_NAME = "$(TARGET_NAME)";
				SWIFT_VERSION = 5.0;
				TARGETED_DEVICE_FAMILY = "1,2";
				TEST_TARGET_NAME = "Profio Homework 3";
			};
			name = Release;
		};
/* End XCBuildConfiguration section */

/* Begin XCConfigurationList section */
		60E361FA24073EF70050CD86 /* Build configuration list for PBXProject "Profio Homework 3" */ = {
			isa = XCConfigurationList;
			buildConfigurations = (
				60E3622724073EFB0050CD86 /* Debug */,
				60E3622824073EFB0050CD86 /* Release */,
			);
			defaultConfigurationIsVisible = 0;
			defaultConfigurationName = Release;
		};
		60E3622924073EFB0050CD86 /* Build configuration list for PBXNativeTarget "Profio Homework 3" */ = {
			isa = XCConfigurationList;
			buildConfigurations = (
				60E3622A24073EFB0050CD86 /* Debug */,
				60E3622B24073EFB0050CD86 /* Release */,
			);
			defaultConfigurationIsVisible = 0;
			defaultConfigurationName = Release;
		};
		60E3622C24073EFB0050CD86 /* Build configuration list for PBXNativeTarget "Profio Homework 3Tests" */ = {
			isa = XCConfigurationList;
			buildConfigurations = (
				60E3622D24073EFB0050CD86 /* Debug */,
				60E3622E24073EFB0050CD86 /* Release */,
			);
			defaultConfigurationIsVisible = 0;
			defaultConfigurationName = Release;
		};
		60E3622F24073EFB0050CD86 /* Build configuration list for PBXNativeTarget "Profio Homework 3UITests" */ = {
			isa = XCConfigurationList;
			buildConfigurations = (
				60E3623024073EFB0050CD86 /* Debug */,
				60E3623124073EFB0050CD86 /* Release */,
			);
			defaultConfigurationIsVisible = 0;
			defaultConfigurationName = Release;
		};
/* End XCConfigurationList section */
	};
	rootObject = 60E361F724073EF70050CD86 /* Project object */;
}
